{
  "name": "m-3-capstone-te-final-capstone-e-learning-portal",
  "lockfileVersion": 2,
  "requires": true,
  "packages": {
    "": {
      "dependencies": {
        "vue-responsive-video-background-player": "^1.3.1"
      }
    },
    "node_modules/vue-responsive-video-background-player": {
      "version": "1.3.1",
      "resolved": "https://registry.npmjs.org/vue-responsive-video-background-player/-/vue-responsive-video-background-player-1.3.1.tgz",
      "integrity": "sha512-R72V845BS6SlAi3gWuyZ15Gf5Gxbvgwu/fIfsTKIabpzFI3Shl1FrcgqY2FGlS9/aJcUKwZzNhsq38MXs0NdMw=="
    }
  },
  "dependencies": {
    "vue-responsive-video-background-player": {
      "version": "1.3.1",
      "resolved": "https://registry.npmjs.org/vue-responsive-video-background-player/-/vue-responsive-video-background-player-1.3.1.tgz",
      "integrity": "sha512-R72V845BS6SlAi3gWuyZ15Gf5Gxbvgwu/fIfsTKIabpzFI3Shl1FrcgqY2FGlS9/aJcUKwZzNhsq38MXs0NdMw=="
    }
  }
}
